
Microsoft Visual Studio Solution File, Format Version 12.00
# Visual Studio Version 17
VisualStudioVersion = 17.13.35825.156 d17.13
MinimumVisualStudioVersion = 10.0.40219.1
Project("{FAE04EC0-301F-11D3-BF4B-00C04F79EFBC}") = "Facturacion_MVC", "Facturacion_MVC\Facturacion_MVC.csproj", "{5A68A78A-F883-4568-9747-03E3373DC1CA}"
EndProject
Global
	GlobalSection(SolutionConfigurationPlatforms) = preSolution
		Debug|Any CPU = Debug|Any CPU
		Release|Any CPU = Release|Any CPU
	EndGlobalSection
	GlobalSection(ProjectConfigurationPlatforms) = postSolution
		{5A68A78A-F883-4568-9747-03E3373DC1CA}.Debug|Any CPU.ActiveCfg = Debug|Any CPU
		{5A68A78A-F883-4568-9747-03E3373DC1CA}.Debug|Any CPU.Build.0 = Debug|Any CPU
		{5A68A78A-F883-4568-9747-03E3373DC1CA}.Release|Any CPU.ActiveCfg = Release|Any CPU
		{5A68A78A-F883-4568-9747-03E3373DC1CA}.Release|Any CPU.Build.0 = Release|Any CPU
	EndGlobalSection
	GlobalSection(SolutionProperties) = preSolution
		HideSolutionNode = FALSE
	EndGlobalSection
	GlobalSection(ExtensibilityGlobals) = postSolution
		SolutionGuid = {F965369E-B727-488B-944F-F866CC5C7186}
	EndGlobalSection
EndGlobal
